// !$*UTF8*$!
{
	archiveVersion = 1;
	classes = {
	};
	objectVersion = 51;
	objects = {

/* Begin PBXBuildFile section */
		4CC55D21BC4E28336F968575 /* Pods_Intuit_GithubTests.framework in Frameworks */ = {isa = PBXBuildFile; fileRef = 914344D272BFA6405C33A74A /* Pods_Intuit_GithubTests.framework */; };
		54389A12F14540382C3DD379 /* Pods_Intuit_Github.framework in Frameworks */ = {isa = PBXBuildFile; fileRef = 6DDAEC178311C457F4C7440D /* Pods_Intuit_Github.framework */; };
		68AF14B1894AE67EBFC09398 /* Pods_Intuit_GithubUITests.framework in Frameworks */ = {isa = PBXBuildFile; fileRef = 45CBB5251743EC1BE7325A9A /* Pods_Intuit_GithubUITests.framework */; };
		F4010B88234E1938007DD265 /* AppDelegate.swift in Sources */ = {isa = PBXBuildFile; fileRef = F4010B87234E1938007DD265 /* AppDelegate.swift */; };
		F4010B8D234E1938007DD265 /* Intuit_Github.xcdatamodeld in Sources */ = {isa = PBXBuildFile; fileRef = F4010B8B234E1938007DD265 /* Intuit_Github.xcdatamodeld */; };
		F4010B8F234E1938007DD265 /* ContentView.swift in Sources */ = {isa = PBXBuildFile; fileRef = F4010B8E234E1938007DD265 /* ContentView.swift */; };
		F4010B91234E193F007DD265 /* Assets.xcassets in Resources */ = {isa = PBXBuildFile; fileRef = F4010B90234E193F007DD265 /* Assets.xcassets */; };
		F4010B94234E193F007DD265 /* Preview Assets.xcassets in Resources */ = {isa = PBXBuildFile; fileRef = F4010B93234E193F007DD265 /* Preview Assets.xcassets */; };
		F4010B97234E193F007DD265 /* LaunchScreen.storyboard in Resources */ = {isa = PBXBuildFile; fileRef = F4010B95234E193F007DD265 /* LaunchScreen.storyboard */; };
		F4010BA2234E193F007DD265 /* Intuit_GithubTests.swift in Sources */ = {isa = PBXBuildFile; fileRef = F4010BA1234E193F007DD265 /* Intuit_GithubTests.swift */; };
		F4010BAD234E193F007DD265 /* Intuit_GithubUITests.swift in Sources */ = {isa = PBXBuildFile; fileRef = F4010BAC234E193F007DD265 /* Intuit_GithubUITests.swift */; };
		F4010BC2234E1B2F007DD265 /* ServiceManager.swift in Sources */ = {isa = PBXBuildFile; fileRef = F4010BC1234E1B2F007DD265 /* ServiceManager.swift */; };
		F4010BC4234E21D5007DD265 /* Main.storyboard in Resources */ = {isa = PBXBuildFile; fileRef = F4010BC3234E21D5007DD265 /* Main.storyboard */; };
		F4010BC6234E25B8007DD265 /* HomeViewController.swift in Sources */ = {isa = PBXBuildFile; fileRef = F4010BC5234E25B8007DD265 /* HomeViewController.swift */; };
		F4010BCA234E3606007DD265 /* Repository.swift in Sources */ = {isa = PBXBuildFile; fileRef = F4010BC9234E3606007DD265 /* Repository.swift */; };
		F4010BCC234E364F007DD265 /* Issue.swift in Sources */ = {isa = PBXBuildFile; fileRef = F4010BCB234E364F007DD265 /* Issue.swift */; };
		F4010BCE234E373A007DD265 /* User.swift in Sources */ = {isa = PBXBuildFile; fileRef = F4010BCD234E373A007DD265 /* User.swift */; };
		F4010BD0234E380E007DD265 /* RepoDetailViewController.swift in Sources */ = {isa = PBXBuildFile; fileRef = F4010BCF234E380E007DD265 /* RepoDetailViewController.swift */; };
		F4010BD2234E38F8007DD265 /* IssuesViewController.swift in Sources */ = {isa = PBXBuildFile; fileRef = F4010BD1234E38F8007DD265 /* IssuesViewController.swift */; };
		F4010BD4234E392C007DD265 /* LoginViewController.swift in Sources */ = {isa = PBXBuildFile; fileRef = F4010BD3234E392C007DD265 /* LoginViewController.swift */; };
		F4010BD6234EA6A3007DD265 /* RepoCell.swift in Sources */ = {isa = PBXBuildFile; fileRef = F4010BD5234EA6A3007DD265 /* RepoCell.swift */; };
		F4010BD8234EA6BA007DD265 /* RepoCell.xib in Resources */ = {isa = PBXBuildFile; fileRef = F4010BD7234EA6BA007DD265 /* RepoCell.xib */; };
		F4010BDA234EAD08007DD265 /* IssueCell.swift in Sources */ = {isa = PBXBuildFile; fileRef = F4010BD9234EAD07007DD265 /* IssueCell.swift */; };
		F4010BDD234EBF16007DD265 /* SearchBarCell.swift in Sources */ = {isa = PBXBuildFile; fileRef = F4010BDC234EBF16007DD265 /* SearchBarCell.swift */; };
		F4010BDF234EBF37007DD265 /* SearchBarCell.xib in Resources */ = {isa = PBXBuildFile; fileRef = F4010BDE234EBF37007DD265 /* SearchBarCell.xib */; };
		F4010BE1234EC28E007DD265 /* Extensions.swift in Sources */ = {isa = PBXBuildFile; fileRef = F4010BE0234EC28E007DD265 /* Extensions.swift */; };
		F4010BE6234ED6E8007DD265 /* branch.png in Resources */ = {isa = PBXBuildFile; fileRef = F4010BE3234ED6E8007DD265 /* branch.png */; };
		F4010BE7234ED6E8007DD265 /* eye.png in Resources */ = {isa = PBXBuildFile; fileRef = F4010BE4234ED6E8007DD265 /* eye.png */; };
		F4010BE8234ED6E8007DD265 /* star.png in Resources */ = {isa = PBXBuildFile; fileRef = F4010BE5234ED6E8007DD265 /* star.png */; };
		F476DAF1234EF50D00530C4B /* RepoNavigationController.swift in Sources */ = {isa = PBXBuildFile; fileRef = F476DAF0234EF50D00530C4B /* RepoNavigationController.swift */; };
		F476DAF4234F54AE00530C4B /* IssueCell.xib in Resources */ = {isa = PBXBuildFile; fileRef = F476DAF3234F54AE00530C4B /* IssueCell.xib */; };
/* End PBXBuildFile section */

/* Begin PBXContainerItemProxy section */
		F4010B9E234E193F007DD265 /* PBXContainerItemProxy */ = {
			isa = PBXContainerItemProxy;
			containerPortal = F4010B7C234E1938007DD265 /* Project object */;
			proxyType = 1;
			remoteGlobalIDString = F4010B83234E1938007DD265;
			remoteInfo = "Intuit-Github";
		};
		F4010BA9234E193F007DD265 /* PBXContainerItemProxy */ = {
			isa = PBXContainerItemProxy;
			containerPortal = F4010B7C234E1938007DD265 /* Project object */;
			proxyType = 1;
			remoteGlobalIDString = F4010B83234E1938007DD265;
			remoteInfo = "Intuit-Github";
		};
/* End PBXContainerItemProxy section */

/* Begin PBXFileReference section */
		45CBB5251743EC1BE7325A9A /* Pods_Intuit_GithubUITests.framework */ = {isa = PBXFileReference; explicitFileType = wrapper.framework; includeInIndex = 0; path = Pods_Intuit_GithubUITests.framework; sourceTree = BUILT_PRODUCTS_DIR; };
		584F2131C84BC7F479F109D1 /* Pods-Intuit-GithubTests.release.xcconfig */ = {isa = PBXFileReference; includeInIndex = 1; lastKnownFileType = text.xcconfig; name = "Pods-Intuit-GithubTests.release.xcconfig"; path = "Target Support Files/Pods-Intuit-GithubTests/Pods-Intuit-GithubTests.release.xcconfig"; sourceTree = "<group>"; };
		6DDAEC178311C457F4C7440D /* Pods_Intuit_Github.framework */ = {isa = PBXFileReference; explicitFileType = wrapper.framework; includeInIndex = 0; path = Pods_Intuit_Github.framework; sourceTree = BUILT_PRODUCTS_DIR; };
		858F48AEFE46C8D7D58B8383 /* Pods-Intuit-Github.debug.xcconfig */ = {isa = PBXFileReference; includeInIndex = 1; lastKnownFileType = text.xcconfig; name = "Pods-Intuit-Github.debug.xcconfig"; path = "Target Support Files/Pods-Intuit-Github/Pods-Intuit-Github.debug.xcconfig"; sourceTree = "<group>"; };
		89B796CF3B5A86686FE6D974 /* Pods-Intuit-GithubTests.debug.xcconfig */ = {isa = PBXFileReference; includeInIndex = 1; lastKnownFileType = text.xcconfig; name = "Pods-Intuit-GithubTests.debug.xcconfig"; path = "Target Support Files/Pods-Intuit-GithubTests/Pods-Intuit-GithubTests.debug.xcconfig"; sourceTree = "<group>"; };
		8E8EACF12A994A648F138EFB /* Pods-Intuit-Github.release.xcconfig */ = {isa = PBXFileReference; includeInIndex = 1; lastKnownFileType = text.xcconfig; name = "Pods-Intuit-Github.release.xcconfig"; path = "Target Support Files/Pods-Intuit-Github/Pods-Intuit-Github.release.xcconfig"; sourceTree = "<group>"; };
		914344D272BFA6405C33A74A /* Pods_Intuit_GithubTests.framework */ = {isa = PBXFileReference; explicitFileType = wrapper.framework; includeInIndex = 0; path = Pods_Intuit_GithubTests.framework; sourceTree = BUILT_PRODUCTS_DIR; };
		B0073484065A2836E5C3E4AF /* Pods-Intuit-GithubUITests.release.xcconfig */ = {isa = PBXFileReference; includeInIndex = 1; lastKnownFileType = text.xcconfig; name = "Pods-Intuit-GithubUITests.release.xcconfig"; path = "Target Support Files/Pods-Intuit-GithubUITests/Pods-Intuit-GithubUITests.release.xcconfig"; sourceTree = "<group>"; };
		D045D0A0C4FA06ADD17ED947 /* Pods-Intuit-GithubUITests.debug.xcconfig */ = {isa = PBXFileReference; includeInIndex = 1; lastKnownFileType = text.xcconfig; name = "Pods-Intuit-GithubUITests.debug.xcconfig"; path = "Target Support Files/Pods-Intuit-GithubUITests/Pods-Intuit-GithubUITests.debug.xcconfig"; sourceTree = "<group>"; };
		F4010B84234E1938007DD265 /* Intuit-Github.app */ = {isa = PBXFileReference; explicitFileType = wrapper.application; includeInIndex = 0; path = "Intuit-Github.app"; sourceTree = BUILT_PRODUCTS_DIR; };
		F4010B87234E1938007DD265 /* AppDelegate.swift */ = {isa = PBXFileReference; lastKnownFileType = sourcecode.swift; path = AppDelegate.swift; sourceTree = "<group>"; };
		F4010B8C234E1938007DD265 /* Intuit_Github.xcdatamodel */ = {isa = PBXFileReference; lastKnownFileType = wrapper.xcdatamodel; path = Intuit_Github.xcdatamodel; sourceTree = "<group>"; };
		F4010B8E234E1938007DD265 /* ContentView.swift */ = {isa = PBXFileReference; lastKnownFileType = sourcecode.swift; path = ContentView.swift; sourceTree = "<group>"; };
		F4010B90234E193F007DD265 /* Assets.xcassets */ = {isa = PBXFileReference; lastKnownFileType = folder.assetcatalog; path = Assets.xcassets; sourceTree = "<group>"; };
		F4010B93234E193F007DD265 /* Preview Assets.xcassets */ = {isa = PBXFileReference; lastKnownFileType = folder.assetcatalog; path = "Preview Assets.xcassets"; sourceTree = "<group>"; };
		F4010B96234E193F007DD265 /* Base */ = {isa = PBXFileReference; lastKnownFileType = file.storyboard; name = Base; path = Base.lproj/LaunchScreen.storyboard; sourceTree = "<group>"; };
		F4010B98234E193F007DD265 /* Info.plist */ = {isa = PBXFileReference; lastKnownFileType = text.plist.xml; path = Info.plist; sourceTree = "<group>"; };
		F4010B9D234E193F007DD265 /* Intuit-GithubTests.xctest */ = {isa = PBXFileReference; explicitFileType = wrapper.cfbundle; includeInIndex = 0; path = "Intuit-GithubTests.xctest"; sourceTree = BUILT_PRODUCTS_DIR; };
		F4010BA1234E193F007DD265 /* Intuit_GithubTests.swift */ = {isa = PBXFileReference; lastKnownFileType = sourcecode.swift; path = Intuit_GithubTests.swift; sourceTree = "<group>"; };
		F4010BA3234E193F007DD265 /* Info.plist */ = {isa = PBXFileReference; lastKnownFileType = text.plist.xml; path = Info.plist; sourceTree = "<group>"; };
		F4010BA8234E193F007DD265 /* Intuit-GithubUITests.xctest */ = {isa = PBXFileReference; explicitFileType = wrapper.cfbundle; includeInIndex = 0; path = "Intuit-GithubUITests.xctest"; sourceTree = BUILT_PRODUCTS_DIR; };
		F4010BAC234E193F007DD265 /* Intuit_GithubUITests.swift */ = {isa = PBXFileReference; lastKnownFileType = sourcecode.swift; path = Intuit_GithubUITests.swift; sourceTree = "<group>"; };
		F4010BAE234E193F007DD265 /* Info.plist */ = {isa = PBXFileReference; lastKnownFileType = text.plist.xml; path = Info.plist; sourceTree = "<group>"; };
		F4010BC1234E1B2F007DD265 /* ServiceManager.swift */ = {isa = PBXFileReference; lastKnownFileType = sourcecode.swift; path = ServiceManager.swift; sourceTree = "<group>"; };
		F4010BC3234E21D5007DD265 /* Main.storyboard */ = {isa = PBXFileReference; lastKnownFileType = file.storyboard; path = Main.storyboard; sourceTree = "<group>"; };
		F4010BC5234E25B8007DD265 /* HomeViewController.swift */ = {isa = PBXFileReference; lastKnownFileType = sourcecode.swift; path = HomeViewController.swift; sourceTree = "<group>"; };
		F4010BC9234E3606007DD265 /* Repository.swift */ = {isa = PBXFileReference; lastKnownFileType = sourcecode.swift; path = Repository.swift; sourceTree = "<group>"; };
		F4010BCB234E364F007DD265 /* Issue.swift */ = {isa = PBXFileReference; lastKnownFileType = sourcecode.swift; path = Issue.swift; sourceTree = "<group>"; };
		F4010BCD234E373A007DD265 /* User.swift */ = {isa = PBXFileReference; lastKnownFileType = sourcecode.swift; path = User.swift; sourceTree = "<group>"; };
		F4010BCF234E380E007DD265 /* RepoDetailViewController.swift */ = {isa = PBXFileReference; lastKnownFileType = sourcecode.swift; path = RepoDetailViewController.swift; sourceTree = "<group>"; };
		F4010BD1234E38F8007DD265 /* IssuesViewController.swift */ = {isa = PBXFileReference; lastKnownFileType = sourcecode.swift; path = IssuesViewController.swift; sourceTree = "<group>"; };
		F4010BD3234E392C007DD265 /* LoginViewController.swift */ = {isa = PBXFileReference; lastKnownFileType = sourcecode.swift; path = LoginViewController.swift; sourceTree = "<group>"; };
		F4010BD5234EA6A3007DD265 /* RepoCell.swift */ = {isa = PBXFileReference; lastKnownFileType = sourcecode.swift; path = RepoCell.swift; sourceTree = "<group>"; };
		F4010BD7234EA6BA007DD265 /* RepoCell.xib */ = {isa = PBXFileReference; lastKnownFileType = file.xib; path = RepoCell.xib; sourceTree = "<group>"; };
		F4010BD9234EAD07007DD265 /* IssueCell.swift */ = {isa = PBXFileReference; lastKnownFileType = sourcecode.swift; path = IssueCell.swift; sourceTree = "<group>"; };
		F4010BDC234EBF16007DD265 /* SearchBarCell.swift */ = {isa = PBXFileReference; lastKnownFileType = sourcecode.swift; path = SearchBarCell.swift; sourceTree = "<group>"; };
		F4010BDE234EBF37007DD265 /* SearchBarCell.xib */ = {isa = PBXFileReference; lastKnownFileType = file.xib; path = SearchBarCell.xib; sourceTree = "<group>"; };
		F4010BE0234EC28E007DD265 /* Extensions.swift */ = {isa = PBXFileReference; lastKnownFileType = sourcecode.swift; path = Extensions.swift; sourceTree = "<group>"; };
		F4010BE3234ED6E8007DD265 /* branch.png */ = {isa = PBXFileReference; lastKnownFileType = image.png; path = branch.png; sourceTree = "<group>"; };
		F4010BE4234ED6E8007DD265 /* eye.png */ = {isa = PBXFileReference; lastKnownFileType = image.png; path = eye.png; sourceTree = "<group>"; };
		F4010BE5234ED6E8007DD265 /* star.png */ = {isa = PBXFileReference; lastKnownFileType = image.png; path = star.png; sourceTree = "<group>"; };
		F476DAF0234EF50D00530C4B /* RepoNavigationController.swift */ = {isa = PBXFileReference; lastKnownFileType = sourcecode.swift; path = RepoNavigationController.swift; sourceTree = "<group>"; };
		F476DAF3234F54AE00530C4B /* IssueCell.xib */ = {isa = PBXFileReference; fileEncoding = 4; lastKnownFileType = file.xib; path = IssueCell.xib; sourceTree = "<group>"; };
/* End PBXFileReference section */

/* Begin PBXFrameworksBuildPhase section */
		F4010B81234E1938007DD265 /* Frameworks */ = {
			isa = PBXFrameworksBuildPhase;
			buildActionMask = 2147483647;
			files = (
				54389A12F14540382C3DD379 /* Pods_Intuit_Github.framework in Frameworks */,
			);
			runOnlyForDeploymentPostprocessing = 0;
		};
		F4010B9A234E193F007DD265 /* Frameworks */ = {
			isa = PBXFrameworksBuildPhase;
			buildActionMask = 2147483647;
			files = (
				4CC55D21BC4E28336F968575 /* Pods_Intuit_GithubTests.framework in Frameworks */,
			);
			runOnlyForDeploymentPostprocessing = 0;
		};
		F4010BA5234E193F007DD265 /* Frameworks */ = {
			isa = PBXFrameworksBuildPhase;
			buildActionMask = 2147483647;
			files = (
				68AF14B1894AE67EBFC09398 /* Pods_Intuit_GithubUITests.framework in Frameworks */,
			);
			runOnlyForDeploymentPostprocessing = 0;
		};
/* End PBXFrameworksBuildPhase section */

/* Begin PBXGroup section */
		4A013D4FBB30BCA7B3CFFCF2 /* Pods */ = {
			isa = PBXGroup;
			children = (
				858F48AEFE46C8D7D58B8383 /* Pods-Intuit-Github.debug.xcconfig */,
				8E8EACF12A994A648F138EFB /* Pods-Intuit-Github.release.xcconfig */,
				89B796CF3B5A86686FE6D974 /* Pods-Intuit-GithubTests.debug.xcconfig */,
				584F2131C84BC7F479F109D1 /* Pods-Intuit-GithubTests.release.xcconfig */,
				D045D0A0C4FA06ADD17ED947 /* Pods-Intuit-GithubUITests.debug.xcconfig */,
				B0073484065A2836E5C3E4AF /* Pods-Intuit-GithubUITests.release.xcconfig */,
			);
			path = Pods;
			sourceTree = "<group>";
		};
		AC5466E421C56C01F8191AAD /* Frameworks */ = {
			isa = PBXGroup;
			children = (
				6DDAEC178311C457F4C7440D /* Pods_Intuit_Github.framework */,
				914344D272BFA6405C33A74A /* Pods_Intuit_GithubTests.framework */,
				45CBB5251743EC1BE7325A9A /* Pods_Intuit_GithubUITests.framework */,
			);
			name = Frameworks;
			sourceTree = "<group>";
		};
		F4010B7B234E1938007DD265 = {
			isa = PBXGroup;
			children = (
				F4010B86234E1938007DD265 /* Intuit-Github */,
				F4010BA0234E193F007DD265 /* Intuit-GithubTests */,
				F4010BAB234E193F007DD265 /* Intuit-GithubUITests */,
				F4010B85234E1938007DD265 /* Products */,
				4A013D4FBB30BCA7B3CFFCF2 /* Pods */,
				AC5466E421C56C01F8191AAD /* Frameworks */,
			);
			sourceTree = "<group>";
		};
		F4010B85234E1938007DD265 /* Products */ = {
			isa = PBXGroup;
			children = (
				F4010B84234E1938007DD265 /* Intuit-Github.app */,
				F4010B9D234E193F007DD265 /* Intuit-GithubTests.xctest */,
				F4010BA8234E193F007DD265 /* Intuit-GithubUITests.xctest */,
			);
			name = Products;
			sourceTree = "<group>";
		};
		F4010B86234E1938007DD265 /* Intuit-Github */ = {
			isa = PBXGroup;
			children = (
				F4010BBA234E1A9F007DD265 /* Manager */,
				F4010BC0234E1ADE007DD265 /* Cell */,
				F4010BBF234E1AD5007DD265 /* Common */,
				F4010BBE234E1ACE007DD265 /* Controller */,
				F4010BBD234E1AC5007DD265 /* Model */,
				F4010BBC234E1ABE007DD265 /* View */,
				F4010BBB234E1AAB007DD265 /* Third Party */,
				F4010BE2234ED66A007DD265 /* Resources */,
				F4010B87234E1938007DD265 /* AppDelegate.swift */,
				F4010B90234E193F007DD265 /* Assets.xcassets */,
				F4010BC3234E21D5007DD265 /* Main.storyboard */,
				F4010B95234E193F007DD265 /* LaunchScreen.storyboard */,
				F4010B98234E193F007DD265 /* Info.plist */,
				F4010B8B234E1938007DD265 /* Intuit_Github.xcdatamodeld */,
				F4010B92234E193F007DD265 /* Preview Content */,
			);
			path = "Intuit-Github";
			sourceTree = "<group>";
		};
		F4010B92234E193F007DD265 /* Preview Content */ = {
			isa = PBXGroup;
			children = (
				F4010B93234E193F007DD265 /* Preview Assets.xcassets */,
			);
			path = "Preview Content";
			sourceTree = "<group>";
		};
		F4010BA0234E193F007DD265 /* Intuit-GithubTests */ = {
			isa = PBXGroup;
			children = (
				F4010BA1234E193F007DD265 /* Intuit_GithubTests.swift */,
				F4010BA3234E193F007DD265 /* Info.plist */,
			);
			path = "Intuit-GithubTests";
			sourceTree = "<group>";
		};
		F4010BAB234E193F007DD265 /* Intuit-GithubUITests */ = {
			isa = PBXGroup;
			children = (
				F4010BAC234E193F007DD265 /* Intuit_GithubUITests.swift */,
				F4010BAE234E193F007DD265 /* Info.plist */,
			);
			path = "Intuit-GithubUITests";
			sourceTree = "<group>";
		};
		F4010BBA234E1A9F007DD265 /* Manager */ = {
			isa = PBXGroup;
			children = (
				F4010BC1234E1B2F007DD265 /* ServiceManager.swift */,
			);
			path = Manager;
			sourceTree = "<group>";
		};
		F4010BBB234E1AAB007DD265 /* Third Party */ = {
			isa = PBXGroup;
			children = (
			);
			path = "Third Party";
			sourceTree = "<group>";
		};
		F4010BBC234E1ABE007DD265 /* View */ = {
			isa = PBXGroup;
			children = (
				F4010B8E234E1938007DD265 /* ContentView.swift */,
			);
			path = View;
			sourceTree = "<group>";
		};
		F4010BBD234E1AC5007DD265 /* Model */ = {
			isa = PBXGroup;
			children = (
				F4010BC9234E3606007DD265 /* Repository.swift */,
				F4010BCB234E364F007DD265 /* Issue.swift */,
				F4010BCD234E373A007DD265 /* User.swift */,
			);
			path = Model;
			sourceTree = "<group>";
		};
		F4010BBE234E1ACE007DD265 /* Controller */ = {
			isa = PBXGroup;
			children = (
				F4010BD3234E392C007DD265 /* LoginViewController.swift */,
				F4010BC5234E25B8007DD265 /* HomeViewController.swift */,
				F4010BCF234E380E007DD265 /* RepoDetailViewController.swift */,
				F4010BD1234E38F8007DD265 /* IssuesViewController.swift */,
				F476DAF0234EF50D00530C4B /* RepoNavigationController.swift */,
			);
			path = Controller;
			sourceTree = "<group>";
		};
		F4010BBF234E1AD5007DD265 /* Common */ = {
			isa = PBXGroup;
			children = (
				F4010BE0234EC28E007DD265 /* Extensions.swift */,
			);
			path = Common;
			sourceTree = "<group>";
		};
		F4010BC0234E1ADE007DD265 /* Cell */ = {
			isa = PBXGroup;
			children = (
				F4010BD5234EA6A3007DD265 /* RepoCell.swift */,
				F4010BD7234EA6BA007DD265 /* RepoCell.xib */,
				F4010BD9234EAD07007DD265 /* IssueCell.swift */,
				F476DAF3234F54AE00530C4B /* IssueCell.xib */,
				F4010BDC234EBF16007DD265 /* SearchBarCell.swift */,
				F4010BDE234EBF37007DD265 /* SearchBarCell.xib */,
			);
			path = Cell;
			sourceTree = "<group>";
		};
		F4010BE2234ED66A007DD265 /* Resources */ = {
			isa = PBXGroup;
			children = (
				F4010BE3234ED6E8007DD265 /* branch.png */,
				F4010BE4234ED6E8007DD265 /* eye.png */,
				F4010BE5234ED6E8007DD265 /* star.png */,
			);
			path = Resources;
			sourceTree = "<group>";
		};
/* End PBXGroup section */

/* Begin PBXNativeTarget section */
		F4010B83234E1938007DD265 /* Intuit-Github */ = {
			isa = PBXNativeTarget;
			buildConfigurationList = F4010BB1234E193F007DD265 /* Build configuration list for PBXNativeTarget "Intuit-Github" */;
			buildPhases = (
				1AFF4195015E4E731A19880D /* [CP] Check Pods Manifest.lock */,
				F4010B80234E1938007DD265 /* Sources */,
				F4010B81234E1938007DD265 /* Frameworks */,
				F4010B82234E1938007DD265 /* Resources */,
				95D946A5233D215E745E4176 /* [CP] Embed Pods Frameworks */,
			);
			buildRules = (
			);
			dependencies = (
			);
			name = "Intuit-Github";
			productName = "Intuit-Github";
			productReference = F4010B84234E1938007DD265 /* Intuit-Github.app */;
			productType = "com.apple.product-type.application";
		};
		F4010B9C234E193F007DD265 /* Intuit-GithubTests */ = {
			isa = PBXNativeTarget;
			buildConfigurationList = F4010BB4234E193F007DD265 /* Build configuration list for PBXNativeTarget "Intuit-GithubTests" */;
			buildPhases = (
				C761820058AFC8885E97ACDA /* [CP] Check Pods Manifest.lock */,
				F4010B99234E193F007DD265 /* Sources */,
				F4010B9A234E193F007DD265 /* Frameworks */,
				F4010B9B234E193F007DD265 /* Resources */,
			);
			buildRules = (
			);
			dependencies = (
				F4010B9F234E193F007DD265 /* PBXTargetDependency */,
			);
			name = "Intuit-GithubTests";
			productName = "Intuit-GithubTests";
			productReference = F4010B9D234E193F007DD265 /* Intuit-GithubTests.xctest */;
			productType = "com.apple.product-type.bundle.unit-test";
		};
		F4010BA7234E193F007DD265 /* Intuit-GithubUITests */ = {
			isa = PBXNativeTarget;
			buildConfigurationList = F4010BB7234E193F007DD265 /* Build configuration list for PBXNativeTarget "Intuit-GithubUITests" */;
			buildPhases = (
				64F176E03376C4D885938117 /* [CP] Check Pods Manifest.lock */,
				F4010BA4234E193F007DD265 /* Sources */,
				F4010BA5234E193F007DD265 /* Frameworks */,
				F4010BA6234E193F007DD265 /* Resources */,
			);
			buildRules = (
			);
			dependencies = (
				F4010BAA234E193F007DD265 /* PBXTargetDependency */,
			);
			name = "Intuit-GithubUITests";
			productName = "Intuit-GithubUITests";
			productReference = F4010BA8234E193F007DD265 /* Intuit-GithubUITests.xctest */;
			productType = "com.apple.product-type.bundle.ui-testing";
		};
/* End PBXNativeTarget section */

/* Begin PBXProject section */
		F4010B7C234E1938007DD265 /* Project object */ = {
			isa = PBXProject;
			attributes = {
				LastSwiftUpdateCheck = 1110;
				LastUpgradeCheck = 1110;
				ORGANIZATIONNAME = "Romario Latty";
				TargetAttributes = {
					F4010B83234E1938007DD265 = {
						CreatedOnToolsVersion = 11.1;
					};
					F4010B9C234E193F007DD265 = {
						CreatedOnToolsVersion = 11.1;
						TestTargetID = F4010B83234E1938007DD265;
					};
					F4010BA7234E193F007DD265 = {
						CreatedOnToolsVersion = 11.1;
						TestTargetID = F4010B83234E1938007DD265;
					};
				};
			};
			buildConfigurationList = F4010B7F234E1938007DD265 /* Build configuration list for PBXProject "Intuit-Github" */;
			compatibilityVersion = "Xcode 9.3";
			developmentRegion = en;
			hasScannedForEncodings = 0;
			knownRegions = (
				en,
				Base,
			);
			mainGroup = F4010B7B234E1938007DD265;
			productRefGroup = F4010B85234E1938007DD265 /* Products */;
			projectDirPath = "";
			projectRoot = "";
			targets = (
				F4010B83234E1938007DD265 /* Intuit-Github */,
				F4010B9C234E193F007DD265 /* Intuit-GithubTests */,
				F4010BA7234E193F007DD265 /* Intuit-GithubUITests */,
			);
		};
/* End PBXProject section */

/* Begin PBXResourcesBuildPhase section */
		F4010B82234E1938007DD265 /* Resources */ = {
			isa = PBXResourcesBuildPhase;
			buildActionMask = 2147483647;
			files = (
				F4010B97234E193F007DD265 /* LaunchScreen.storyboard in Resources */,
				F476DAF4234F54AE00530C4B /* IssueCell.xib in Resources */,
				F4010BE6234ED6E8007DD265 /* branch.png in Resources */,
				F4010BE8234ED6E8007DD265 /* star.png in Resources */,
				F4010BD8234EA6BA007DD265 /* RepoCell.xib in Resources */,
				F4010B94234E193F007DD265 /* Preview Assets.xcassets in Resources */,
				F4010B91234E193F007DD265 /* Assets.xcassets in Resources */,
				F4010BE7234ED6E8007DD265 /* eye.png in Resources */,
				F4010BC4234E21D5007DD265 /* Main.storyboard in Resources */,
				F4010BDF234EBF37007DD265 /* SearchBarCell.xib in Resources */,
			);
			runOnlyForDeploymentPostprocessing = 0;
		};
		F4010B9B234E193F007DD265 /* Resources */ = {
			isa = PBXResourcesBuildPhase;
			buildActionMask = 2147483647;
			files = (
			);
			runOnlyForDeploymentPostprocessing = 0;
		};
		F4010BA6234E193F007DD265 /* Resources */ = {
			isa = PBXResourcesBuildPhase;
			buildActionMask = 2147483647;
			files = (
			);
			runOnlyForDeploymentPostprocessing = 0;
		};
/* End PBXResourcesBuildPhase section */

/* Begin PBXShellScriptBuildPhase section */
		1AFF4195015E4E731A19880D /* [CP] Check Pods Manifest.lock */ = {
			isa = PBXShellScriptBuildPhase;
			buildActionMask = 2147483647;
			files = (
			);
			inputFileListPaths = (
			);
			inputPaths = (
				"${PODS_PODFILE_DIR_PATH}/Podfile.lock",
				"${PODS_ROOT}/Manifest.lock",
			);
			name = "[CP] Check Pods Manifest.lock";
			outputFileListPaths = (
			);
			outputPaths = (
				"$(DERIVED_FILE_DIR)/Pods-Intuit-Github-checkManifestLockResult.txt",
			);
			runOnlyForDeploymentPostprocessing = 0;
			shellPath = /bin/sh;
			shellScript = "diff \"${PODS_PODFILE_DIR_PATH}/Podfile.lock\" \"${PODS_ROOT}/Manifest.lock\" > /dev/null\nif [ $? != 0 ] ; then\n    # print error to STDERR\n    echo \"error: The sandbox is not in sync with the Podfile.lock. Run 'pod install' or update your CocoaPods installation.\" >&2\n    exit 1\nfi\n# This output is used by Xcode 'outputs' to avoid re-running this script phase.\necho \"SUCCESS\" > \"${SCRIPT_OUTPUT_FILE_0}\"\n";
			showEnvVarsInLog = 0;
		};
		64F176E03376C4D885938117 /* [CP] Check Pods Manifest.lock */ = {
			isa = PBXShellScriptBuildPhase;
			buildActionMask = 2147483647;
			files = (
			);
			inputFileListPaths = (
			);
			inputPaths = (
				"${PODS_PODFILE_DIR_PATH}/Podfile.lock",
				"${PODS_ROOT}/Manifest.lock",
			);
			name = "[CP] Check Pods Manifest.lock";
			outputFileListPaths = (
			);
			outputPaths = (
				"$(DERIVED_FILE_DIR)/Pods-Intuit-GithubUITests-checkManifestLockResult.txt",
			);
			runOnlyForDeploymentPostprocessing = 0;
			shellPath = /bin/sh;
			shellScript = "diff \"${PODS_PODFILE_DIR_PATH}/Podfile.lock\" \"${PODS_ROOT}/Manifest.lock\" > /dev/null\nif [ $? != 0 ] ; then\n    # print error to STDERR\n    echo \"error: The sandbox is not in sync with the Podfile.lock. Run 'pod install' or update your CocoaPods installation.\" >&2\n    exit 1\nfi\n# This output is used by Xcode 'outputs' to avoid re-running this script phase.\necho \"SUCCESS\" > \"${SCRIPT_OUTPUT_FILE_0}\"\n";
			showEnvVarsInLog = 0;
		};
		95D946A5233D215E745E4176 /* [CP] Embed Pods Frameworks */ = {
			isa = PBXShellScriptBuildPhase;
			buildActionMask = 2147483647;
			files = (
			);
			inputFileListPaths = (
				"${PODS_ROOT}/Target Support Files/Pods-Intuit-Github/Pods-Intuit-Github-frameworks-${CONFIGURATION}-input-files.xcfilelist",
			);
			name = "[CP] Embed Pods Frameworks";
			outputFileListPaths = (
				"${PODS_ROOT}/Target Support Files/Pods-Intuit-Github/Pods-Intuit-Github-frameworks-${CONFIGURATION}-output-files.xcfilelist",
			);
			runOnlyForDeploymentPostprocessing = 0;
			shellPath = /bin/sh;
			shellScript = "\"${PODS_ROOT}/Target Support Files/Pods-Intuit-Github/Pods-Intuit-Github-frameworks.sh\"\n";
			showEnvVarsInLog = 0;
		};
		C761820058AFC8885E97ACDA /* [CP] Check Pods Manifest.lock */ = {
			isa = PBXShellScriptBuildPhase;
			buildActionMask = 2147483647;
			files = (
			);
			inputFileListPaths = (
			);
			inputPaths = (
				"${PODS_PODFILE_DIR_PATH}/Podfile.lock",
				"${PODS_ROOT}/Manifest.lock",
			);
			name = "[CP] Check Pods Manifest.lock";
			outputFileListPaths = (
			);
			outputPaths = (
				"$(DERIVED_FILE_DIR)/Pods-Intuit-GithubTests-checkManifestLockResult.txt",
			);
			runOnlyForDeploymentPostprocessing = 0;
			shellPath = /bin/sh;
			shellScript = "diff \"${PODS_PODFILE_DIR_PATH}/Podfile.lock\" \"${PODS_ROOT}/Manifest.lock\" > /dev/null\nif [ $? != 0 ] ; then\n    # print error to STDERR\n    echo \"error: The sandbox is not in sync with the Podfile.lock. Run 'pod install' or update your CocoaPods installation.\" >&2\n    exit 1\nfi\n# This output is used by Xcode 'outputs' to avoid re-running this script phase.\necho \"SUCCESS\" > \"${SCRIPT_OUTPUT_FILE_0}\"\n";
			showEnvVarsInLog = 0;
		};
/* End PBXShellScriptBuildPhase section */

/* Begin PBXSourcesBuildPhase section */
		F4010B80234E1938007DD265 /* Sources */ = {
			isa = PBXSourcesBuildPhase;
			buildActionMask = 2147483647;
			files = (
				F4010BD2234E38F8007DD265 /* IssuesViewController.swift in Sources */,
				F4010B8D234E1938007DD265 /* Intuit_Github.xcdatamodeld in Sources */,
				F4010B88234E1938007DD265 /* AppDelegate.swift in Sources */,
				F476DAF1234EF50D00530C4B /* RepoNavigationController.swift in Sources */,
				F4010BCA234E3606007DD265 /* Repository.swift in Sources */,
				F4010B8F234E1938007DD265 /* ContentView.swift in Sources */,
				F4010BD0234E380E007DD265 /* RepoDetailViewController.swift in Sources */,
				F4010BC2234E1B2F007DD265 /* ServiceManager.swift in Sources */,
				F4010BDD234EBF16007DD265 /* SearchBarCell.swift in Sources */,
				F4010BC6234E25B8007DD265 /* HomeViewController.swift in Sources */,
				F4010BCE234E373A007DD265 /* User.swift in Sources */,
				F4010BE1234EC28E007DD265 /* Extensions.swift in Sources */,
				F4010BD4234E392C007DD265 /* LoginViewController.swift in Sources */,
				F4010BDA234EAD08007DD265 /* IssueCell.swift in Sources */,
				F4010BCC234E364F007DD265 /* Issue.swift in Sources */,
				F4010BD6234EA6A3007DD265 /* RepoCell.swift in Sources */,
			);
			runOnlyForDeploymentPostprocessing = 0;
		};
		F4010B99234E193F007DD265 /* Sources */ = {
			isa = PBXSourcesBuildPhase;
			buildActionMask = 2147483647;
			files = (
				F4010BA2234E193F007DD265 /* Intuit_GithubTests.swift in Sources */,
			);
			runOnlyForDeploymentPostprocessing = 0;
		};
		F4010BA4234E193F007DD265 /* Sources */ = {
			isa = PBXSourcesBuildPhase;
			buildActionMask = 2147483647;
			files = (
				F4010BAD234E193F007DD265 /* Intuit_GithubUITests.swift in Sources */,
			);
			runOnlyForDeploymentPostprocessing = 0;
		};
/* End PBXSourcesBuildPhase section */

/* Begin PBXTargetDependency section */
		F4010B9F234E193F007DD265 /* PBXTargetDependency */ = {
			isa = PBXTargetDependency;
			target = F4010B83234E1938007DD265 /* Intuit-Github */;
			targetProxy = F4010B9E234E193F007DD265 /* PBXContainerItemProxy */;
		};
		F4010BAA234E193F007DD265 /* PBXTargetDependency */ = {
			isa = PBXTargetDependency;
			target = F4010B83234E1938007DD265 /* Intuit-Github */;
			targetProxy = F4010BA9234E193F007DD265 /* PBXContainerItemProxy */;
		};
/* End PBXTargetDependency section */

/* Begin PBXVariantGroup section */
		F4010B95234E193F007DD265 /* LaunchScreen.storyboard */ = {
			isa = PBXVariantGroup;
			children = (
				F4010B96234E193F007DD265 /* Base */,
			);
			name = LaunchScreen.storyboard;
			sourceTree = "<group>";
		};
/* End PBXVariantGroup section */

/* Begin XCBuildConfiguration section */
		F4010BAF234E193F007DD265 /* Debug */ = {
			isa = XCBuildConfiguration;
			buildSettings = {
				ALWAYS_SEARCH_USER_PATHS = NO;
				CLANG_ANALYZER_NONNULL = YES;
				CLANG_ANALYZER_NUMBER_OBJECT_CONVERSION = YES_AGGRESSIVE;
				CLANG_CXX_LANGUAGE_STANDARD = "gnu++14";
				CLANG_CXX_LIBRARY = "libc++";
				CLANG_ENABLE_MODULES = YES;
				CLANG_ENABLE_OBJC_ARC = YES;
				CLANG_ENABLE_OBJC_WEAK = YES;
				CLANG_WARN_BLOCK_CAPTURE_AUTORELEASING = YES;
				CLANG_WARN_BOOL_CONVERSION = YES;
				CLANG_WARN_COMMA = YES;
				CLANG_WARN_CONSTANT_CONVERSION = YES;
				CLANG_WARN_DEPRECATED_OBJC_IMPLEMENTATIONS = YES;
				CLANG_WARN_DIRECT_OBJC_ISA_USAGE = YES_ERROR;
				CLANG_WARN_DOCUMENTATION_COMMENTS = YES;
				CLANG_WARN_EMPTY_BODY = YES;
				CLANG_WARN_ENUM_CONVERSION = YES;
				CLANG_WARN_INFINITE_RECURSION = YES;
				CLANG_WARN_INT_CONVERSION = YES;
				CLANG_WARN_NON_LITERAL_NULL_CONVERSION = YES;
				CLANG_WARN_OBJC_IMPLICIT_RETAIN_SELF = YES;
				CLANG_WARN_OBJC_LITERAL_CONVERSION = YES;
				CLANG_WARN_OBJC_ROOT_CLASS = YES_ERROR;
				CLANG_WARN_RANGE_LOOP_ANALYSIS = YES;
				CLANG_WARN_STRICT_PROTOTYPES = YES;
				CLANG_WARN_SUSPICIOUS_MOVE = YES;
				CLANG_WARN_UNGUARDED_AVAILABILITY = YES_AGGRESSIVE;
				CLANG_WARN_UNREACHABLE_CODE = YES;
				CLANG_WARN__DUPLICATE_METHOD_MATCH = YES;
				COPY_PHASE_STRIP = NO;
				DEBUG_INFORMATION_FORMAT = dwarf;
				ENABLE_STRICT_OBJC_MSGSEND = YES;
				ENABLE_TESTABILITY = YES;
				GCC_C_LANGUAGE_STANDARD = gnu11;
				GCC_DYNAMIC_NO_PIC = NO;
				GCC_NO_COMMON_BLOCKS = YES;
				GCC_OPTIMIZATION_LEVEL = 0;
				GCC_PREPROCESSOR_DEFINITIONS = (
					"DEBUG=1",
					"$(inherited)",
				);
				GCC_WARN_64_TO_32_BIT_CONVERSION = YES;
				GCC_WARN_ABOUT_RETURN_TYPE = YES_ERROR;
				GCC_WARN_UNDECLARED_SELECTOR = YES;
				GCC_WARN_UNINITIALIZED_AUTOS = YES_AGGRESSIVE;
				GCC_WARN_UNUSED_FUNCTION = YES;
				GCC_WARN_UNUSED_VARIABLE = YES;
				IPHONEOS_DEPLOYMENT_TARGET = 13.1;
				MTL_ENABLE_DEBUG_INFO = INCLUDE_SOURCE;
				MTL_FAST_MATH = YES;
				ONLY_ACTIVE_ARCH = YES;
				SDKROOT = iphoneos;
				SWIFT_ACTIVE_COMPILATION_CONDITIONS = DEBUG;
				SWIFT_OPTIMIZATION_LEVEL = "-Onone";
			};
			name = Debug;
		};
		F4010BB0234E193F007DD265 /* Release */ = {
			isa = XCBuildConfiguration;
			buildSettings = {
				ALWAYS_SEARCH_USER_PATHS = NO;
				CLANG_ANALYZER_NONNULL = YES;
				CLANG_ANALYZER_NUMBER_OBJECT_CONVERSION = YES_AGGRESSIVE;
				CLANG_CXX_LANGUAGE_STANDARD = "gnu++14";
				CLANG_CXX_LIBRARY = "libc++";
				CLANG_ENABLE_MODULES = YES;
				CLANG_ENABLE_OBJC_ARC = YES;
				CLANG_ENABLE_OBJC_WEAK = YES;
				CLANG_WARN_BLOCK_CAPTURE_AUTORELEASING = YES;
				CLANG_WARN_BOOL_CONVERSION = YES;
				CLANG_WARN_COMMA = YES;
				CLANG_WARN_CONSTANT_CONVERSION = YES;
				CLANG_WARN_DEPRECATED_OBJC_IMPLEMENTATIONS = YES;
				CLANG_WARN_DIRECT_OBJC_ISA_USAGE = YES_ERROR;
				CLANG_WARN_DOCUMENTATION_COMMENTS = YES;
				CLANG_WARN_EMPTY_BODY = YES;
				CLANG_WARN_ENUM_CONVERSION = YES;
				CLANG_WARN_INFINITE_RECURSION = YES;
				CLANG_WARN_INT_CONVERSION = YES;
				CLANG_WARN_NON_LITERAL_NULL_CONVERSION = YES;
				CLANG_WARN_OBJC_IMPLICIT_RETAIN_SELF = YES;
				CLANG_WARN_OBJC_LITERAL_CONVERSION = YES;
				CLANG_WARN_OBJC_ROOT_CLASS = YES_ERROR;
				CLANG_WARN_RANGE_LOOP_ANALYSIS = YES;
				CLANG_WARN_STRICT_PROTOTYPES = YES;
				CLANG_WARN_SUSPICIOUS_MOVE = YES;
				CLANG_WARN_UNGUARDED_AVAILABILITY = YES_AGGRESSIVE;
				CLANG_WARN_UNREACHABLE_CODE = YES;
				CLANG_WARN__DUPLICATE_METHOD_MATCH = YES;
				COPY_PHASE_STRIP = NO;
				DEBUG_INFORMATION_FORMAT = "dwarf-with-dsym";
				ENABLE_NS_ASSERTIONS = NO;
				ENABLE_STRICT_OBJC_MSGSEND = YES;
				GCC_C_LANGUAGE_STANDARD = gnu11;
				GCC_NO_COMMON_BLOCKS = YES;
				GCC_WARN_64_TO_32_BIT_CONVERSION = YES;
				GCC_WARN_ABOUT_RETURN_TYPE = YES_ERROR;
				GCC_WARN_UNDECLARED_SELECTOR = YES;
				GCC_WARN_UNINITIALIZED_AUTOS = YES_AGGRESSIVE;
				GCC_WARN_UNUSED_FUNCTION = YES;
				GCC_WARN_UNUSED_VARIABLE = YES;
				IPHONEOS_DEPLOYMENT_TARGET = 13.1;
				MTL_ENABLE_DEBUG_INFO = NO;
				MTL_FAST_MATH = YES;
				SDKROOT = iphoneos;
				SWIFT_COMPILATION_MODE = wholemodule;
				SWIFT_OPTIMIZATION_LEVEL = "-O";
				VALIDATE_PRODUCT = YES;
			};
			name = Release;
		};
		F4010BB2234E193F007DD265 /* Debug */ = {
			isa = XCBuildConfiguration;
			baseConfigurationReference = 858F48AEFE46C8D7D58B8383 /* Pods-Intuit-Github.debug.xcconfig */;
			buildSettings = {
				ASSETCATALOG_COMPILER_APPICON_NAME = AppIcon;
				CODE_SIGN_STYLE = Automatic;
				DEVELOPMENT_ASSET_PATHS = "\"Intuit-Github/Preview Content\"";
				DEVELOPMENT_TEAM = TTEA5PNYUV;
				ENABLE_PREVIEWS = YES;
				INFOPLIST_FILE = "Intuit-Github/Info.plist";
				LD_RUNPATH_SEARCH_PATHS = (
					"$(inherited)",
					"@executable_path/Frameworks",
				);
				PRODUCT_BUNDLE_IDENTIFIER = "com.rnl.Intuit-Github";
				PRODUCT_NAME = "$(TARGET_NAME)";
				SWIFT_VERSION = 5.0;
				TARGETED_DEVICE_FAMILY = "1,2";
			};
			name = Debug;
		};
		F4010BB3234E193F007DD265 /* Release */ = {
			isa = XCBuildConfiguration;
			baseConfigurationReference = 8E8EACF12A994A648F138EFB /* Pods-Intuit-Github.release.xcconfig */;
			buildSettings = {
				ASSETCATALOG_COMPILER_APPICON_NAME = AppIcon;
				CODE_SIGN_STYLE = Automatic;
				DEVELOPMENT_ASSET_PATHS = "\"Intuit-Github/Preview Content\"";
				DEVELOPMENT_TEAM = TTEA5PNYUV;
				ENABLE_PREVIEWS = YES;
				INFOPLIST_FILE = "Intuit-Github/Info.plist";
				LD_RUNPATH_SEARCH_PATHS = (
					"$(inherited)",
					"@executable_path/Frameworks",
				);
				PRODUCT_BUNDLE_IDENTIFIER = "com.rnl.Intuit-Github";
				PRODUCT_NAME = "$(TARGET_NAME)";
				SWIFT_VERSION = 5.0;
				TARGETED_DEVICE_FAMILY = "1,2";
			};
			name = Release;
		};
		F4010BB5234E193F007DD265 /* Debug */ = {
			isa = XCBuildConfiguration;
			baseConfigurationReference = 89B796CF3B5A86686FE6D974 /* Pods-Intuit-GithubTests.debug.xcconfig */;
			buildSettings = {
				ALWAYS_EMBED_SWIFT_STANDARD_LIBRARIES = YES;
				BUNDLE_LOADER = "$(TEST_HOST)";
				CODE_SIGN_STYLE = Automatic;
				DEVELOPMENT_TEAM = TTEA5PNYUV;
				INFOPLIST_FILE = "Intuit-GithubTests/Info.plist";
				IPHONEOS_DEPLOYMENT_TARGET = 13.1;
				LD_RUNPATH_SEARCH_PATHS = (
					"$(inherited)",
					"@executable_path/Frameworks",
					"@loader_path/Frameworks",
				);
				PRODUCT_BUNDLE_IDENTIFIER = "com.rnl.Intuit-GithubTests";
				PRODUCT_NAME = "$(TARGET_NAME)";
				SWIFT_VERSION = 5.0;
				TARGETED_DEVICE_FAMILY = "1,2";
				TEST_HOST = "$(BUILT_PRODUCTS_DIR)/Intuit-Github.app/Intuit-Github";
			};
			name = Debug;
		};
		F4010BB6234E193F007DD265 /* Release */ = {
			isa = XCBuildConfiguration;
			baseConfigurationReference = 584F2131C84BC7F479F109D1 /* Pods-Intuit-GithubTests.release.xcconfig */;
			buildSettings = {
				ALWAYS_EMBED_SWIFT_STANDARD_LIBRARIES = YES;
				BUNDLE_LOADER = "$(TEST_HOST)";
				CODE_SIGN_STYLE = Automatic;
				DEVELOPMENT_TEAM = TTEA5PNYUV;
				INFOPLIST_FILE = "Intuit-GithubTests/Info.plist";
				IPHONEOS_DEPLOYMENT_TARGET = 13.1;
				LD_RUNPATH_SEARCH_PATHS = (
					"$(inherited)",
					"@executable_path/Frameworks",
					"@loader_path/Frameworks",
				);
				PRODUCT_BUNDLE_IDENTIFIER = "com.rnl.Intuit-GithubTests";
				PRODUCT_NAME = "$(TARGET_NAME)";
				SWIFT_VERSION = 5.0;
				TARGETED_DEVICE_FAMILY = "1,2";
				TEST_HOST = "$(BUILT_PRODUCTS_DIR)/Intuit-Github.app/Intuit-Github";
			};
			name = Release;
		};
		F4010BB8234E193F007DD265 /* Debug */ = {
			isa = XCBuildConfiguration;
			baseConfigurationReference = D045D0A0C4FA06ADD17ED947 /* Pods-Intuit-GithubUITests.debug.xcconfig */;
			buildSettings = {
				ALWAYS_EMBED_SWIFT_STANDARD_LIBRARIES = YES;
				CODE_SIGN_STYLE = Automatic;
				DEVELOPMENT_TEAM = TTEA5PNYUV;
				INFOPLIST_FILE = "Intuit-GithubUITests/Info.plist";
				LD_RUNPATH_SEARCH_PATHS = (
					"$(inherited)",
					"@executable_path/Frameworks",
					"@loader_path/Frameworks",
				);
				PRODUCT_BUNDLE_IDENTIFIER = "com.rnl.Intuit-GithubUITests";
				PRODUCT_NAME = "$(TARGET_NAME)";
				SWIFT_VERSION = 5.0;
				TARGETED_DEVICE_FAMILY = "1,2";
				TEST_TARGET_NAME = "Intuit-Github";
			};
			name = Debug;
		};
		F4010BB9234E193F007DD265 /* Release */ = {
			isa = XCBuildConfiguration;
			baseConfigurationReference = B0073484065A2836E5C3E4AF /* Pods-Intuit-GithubUITests.release.xcconfig */;
			buildSettings = {
				ALWAYS_EMBED_SWIFT_STANDARD_LIBRARIES = YES;
				CODE_SIGN_STYLE = Automatic;
				DEVELOPMENT_TEAM = TTEA5PNYUV;
				INFOPLIST_FILE = "Intuit-GithubUITests/Info.plist";
				LD_RUNPATH_SEARCH_PATHS = (
					"$(inherited)",
					"@executable_path/Frameworks",
					"@loader_path/Frameworks",
				);
				PRODUCT_BUNDLE_IDENTIFIER = "com.rnl.Intuit-GithubUITests";
				PRODUCT_NAME = "$(TARGET_NAME)";
				SWIFT_VERSION = 5.0;
				TARGETED_DEVICE_FAMILY = "1,2";
				TEST_TARGET_NAME = "Intuit-Github";
			};
			name = Release;
		};
/* End XCBuildConfiguration section */

/* Begin XCConfigurationList section */
		F4010B7F234E1938007DD265 /* Build configuration list for PBXProject "Intuit-Github" */ = {
			isa = XCConfigurationList;
			buildConfigurations = (
				F4010BAF234E193F007DD265 /* Debug */,
				F4010BB0234E193F007DD265 /* Release */,
			);
			defaultConfigurationIsVisible = 0;
			defaultConfigurationName = Release;
		};
		F4010BB1234E193F007DD265 /* Build configuration list for PBXNativeTarget "Intuit-Github" */ = {
			isa = XCConfigurationList;
			buildConfigurations = (
				F4010BB2234E193F007DD265 /* Debug */,
				F4010BB3234E193F007DD265 /* Release */,
			);
			defaultConfigurationIsVisible = 0;
			defaultConfigurationName = Release;
		};
		F4010BB4234E193F007DD265 /* Build configuration list for PBXNativeTarget "Intuit-GithubTests" */ = {
			isa = XCConfigurationList;
			buildConfigurations = (
				F4010BB5234E193F007DD265 /* Debug */,
				F4010BB6234E193F007DD265 /* Release */,
			);
			defaultConfigurationIsVisible = 0;
			defaultConfigurationName = Release;
		};
		F4010BB7234E193F007DD265 /* Build configuration list for PBXNativeTarget "Intuit-GithubUITests" */ = {
			isa = XCConfigurationList;
			buildConfigurations = (
				F4010BB8234E193F007DD265 /* Debug */,
				F4010BB9234E193F007DD265 /* Release */,
			);
			defaultConfigurationIsVisible = 0;
			defaultConfigurationName = Release;
		};
/* End XCConfigurationList section */

/* Begin XCVersionGroup section */
		F4010B8B234E1938007DD265 /* Intuit_Github.xcdatamodeld */ = {
			isa = XCVersionGroup;
			children = (
				F4010B8C234E1938007DD265 /* Intuit_Github.xcdatamodel */,
			);
			currentVersion = F4010B8C234E1938007DD265 /* Intuit_Github.xcdatamodel */;
			path = Intuit_Github.xcdatamodeld;
			sourceTree = "<group>";
			versionGroupType = wrapper.xcdatamodel;
		};
/* End XCVersionGroup section */
	};
	rootObject = F4010B7C234E1938007DD265 /* Project object */;
}
